
Microsoft Visual Studio Solution File, Format Version 12.00
# Visual Studio Version 16
VisualStudioVersion = 16.0.32106.194
MinimumVisualStudioVersion = 10.0.40219.1
Project("{9A19103F-16F7-4668-BE54-9A1E7A4F7556}") = "UniCruiter", "Team5\UniCruiter.csproj", "{82C141A8-411D-4E66-977A-8B158ACA2EAF}"
EndProject
Global
	GlobalSection(SolutionConfigurationPlatforms) = preSolution
		Debug|Any CPU = Debug|Any CPU
		Release|Any CPU = Release|Any CPU
	EndGlobalSection
	GlobalSection(ProjectConfigurationPlatforms) = postSolution
		{82C141A8-411D-4E66-977A-8B158ACA2EAF}.Debug|Any CPU.ActiveCfg = Debug|Any CPU
		{82C141A8-411D-4E66-977A-8B158ACA2EAF}.Debug|Any CPU.Build.0 = Debug|Any CPU
		{82C141A8-411D-4E66-977A-8B158ACA2EAF}.Release|Any CPU.ActiveCfg = Release|Any CPU
		{82C141A8-411D-4E66-977A-8B158ACA2EAF}.Release|Any CPU.Build.0 = Release|Any CPU
	EndGlobalSection
	GlobalSection(SolutionProperties) = preSolution
		HideSolutionNode = FALSE
	EndGlobalSection
	GlobalSection(ExtensibilityGlobals) = postSolution
		SolutionGuid = {8C232B0D-48EC-461E-BC5A-228166F404E7}
	EndGlobalSection
EndGlobal
